
Microsoft Visual Studio Solution File, Format Version 12.00
# Visual Studio Version 16
VisualStudioVersion = 16.0.29409.12
MinimumVisualStudioVersion = 10.0.40219.1
Project("{FAE04EC0-301F-11D3-BF4B-00C04F79EFBC}") = "SimpleLogin", "SimpleLogin\SimpleLogin.csproj", "{1496E1C4-0FB1-4D08-B363-74EE7B64E2AD}"
EndProject
Global
	GlobalSection(SolutionConfigurationPlatforms) = preSolution
		Debug|Any CPU = Debug|Any CPU
		Release|Any CPU = Release|Any CPU
	EndGlobalSection
	GlobalSection(ProjectConfigurationPlatforms) = postSolution
		{1496E1C4-0FB1-4D08-B363-74EE7B64E2AD}.Debug|Any CPU.ActiveCfg = Debug|Any CPU
		{1496E1C4-0FB1-4D08-B363-74EE7B64E2AD}.Debug|Any CPU.Build.0 = Debug|Any CPU
		{1496E1C4-0FB1-4D08-B363-74EE7B64E2AD}.Release|Any CPU.ActiveCfg = Release|Any CPU
		{1496E1C4-0FB1-4D08-B363-74EE7B64E2AD}.Release|Any CPU.Build.0 = Release|Any CPU
	EndGlobalSection
	GlobalSection(SolutionProperties) = preSolution
		HideSolutionNode = FALSE
	EndGlobalSection
	GlobalSection(ExtensibilityGlobals) = postSolution
		SolutionGuid = {D6CAE63D-34AD-4C1C-BF86-9FACDD021690}
	EndGlobalSection
EndGlobal
