
Microsoft Visual Studio Solution File, Format Version 12.00
# Visual Studio Version 16
VisualStudioVersion = 16.0.29806.167
MinimumVisualStudioVersion = 10.0.40219.1
Project("{FAE04EC0-301F-11D3-BF4B-00C04F79EFBC}") = "ListBox_example", "ListBox_example\ListBox_example.csproj", "{E0164FFC-5AF5-4547-BE0D-410852F97A34}"
EndProject
Global
	GlobalSection(SolutionConfigurationPlatforms) = preSolution
		Debug|Any CPU = Debug|Any CPU
		Release|Any CPU = Release|Any CPU
	EndGlobalSection
	GlobalSection(ProjectConfigurationPlatforms) = postSolution
		{E0164FFC-5AF5-4547-BE0D-410852F97A34}.Debug|Any CPU.ActiveCfg = Debug|Any CPU
		{E0164FFC-5AF5-4547-BE0D-410852F97A34}.Debug|Any CPU.Build.0 = Debug|Any CPU
		{E0164FFC-5AF5-4547-BE0D-410852F97A34}.Release|Any CPU.ActiveCfg = Release|Any CPU
		{E0164FFC-5AF5-4547-BE0D-410852F97A34}.Release|Any CPU.Build.0 = Release|Any CPU
	EndGlobalSection
	GlobalSection(SolutionProperties) = preSolution
		HideSolutionNode = FALSE
	EndGlobalSection
	GlobalSection(ExtensibilityGlobals) = postSolution
		SolutionGuid = {7EB964E2-E04A-4385-99F7-3BBA7CCDC355}
	EndGlobalSection
EndGlobal
